
Microsoft Visual Studio Solution File, Format Version 12.00
# Visual Studio 2012
Project("{FAE04EC0-301F-11D3-BF4B-00C04F79EFBC}") = "Ejercicio nro3", "Ejercicio nro3\Ejercicio nro3.csproj", "{F87BB7CD-2764-4B80-8B1C-9FDA0405B147}"
EndProject
Global
	GlobalSection(SolutionConfigurationPlatforms) = preSolution
		Debug|Any CPU = Debug|Any CPU
		Release|Any CPU = Release|Any CPU
	EndGlobalSection
	GlobalSection(ProjectConfigurationPlatforms) = postSolution
		{F87BB7CD-2764-4B80-8B1C-9FDA0405B147}.Debug|Any CPU.ActiveCfg = Debug|Any CPU
		{F87BB7CD-2764-4B80-8B1C-9FDA0405B147}.Debug|Any CPU.Build.0 = Debug|Any CPU
		{F87BB7CD-2764-4B80-8B1C-9FDA0405B147}.Release|Any CPU.ActiveCfg = Release|Any CPU
		{F87BB7CD-2764-4B80-8B1C-9FDA0405B147}.Release|Any CPU.Build.0 = Release|Any CPU
	EndGlobalSection
	GlobalSection(SolutionProperties) = preSolution
		HideSolutionNode = FALSE
	EndGlobalSection
EndGlobal
